
Microsoft Visual Studio Solution File, Format Version 12.00
# Visual Studio Version 16
VisualStudioVersion = 16.0.31702.278
MinimumVisualStudioVersion = 10.0.40219.1
Project("{FAE04EC0-301F-11D3-BF4B-00C04F79EFBC}") = "ExampleWebApp", "ExampleWebApp\ExampleWebApp.csproj", "{B4F6E733-3260-4E83-8E65-D6F9E5C602AF}"
EndProject
Global
	GlobalSection(SolutionConfigurationPlatforms) = preSolution
		Debug|Any CPU = Debug|Any CPU
		Release|Any CPU = Release|Any CPU
	EndGlobalSection
	GlobalSection(ProjectConfigurationPlatforms) = postSolution
		{B4F6E733-3260-4E83-8E65-D6F9E5C602AF}.Debug|Any CPU.ActiveCfg = Debug|Any CPU
		{B4F6E733-3260-4E83-8E65-D6F9E5C602AF}.Debug|Any CPU.Build.0 = Debug|Any CPU
		{B4F6E733-3260-4E83-8E65-D6F9E5C602AF}.Release|Any CPU.ActiveCfg = Release|Any CPU
		{B4F6E733-3260-4E83-8E65-D6F9E5C602AF}.Release|Any CPU.Build.0 = Release|Any CPU
	EndGlobalSection
	GlobalSection(SolutionProperties) = preSolution
		HideSolutionNode = FALSE
	EndGlobalSection
	GlobalSection(ExtensibilityGlobals) = postSolution
		SolutionGuid = {C8B3234C-F984-4CF4-BECA-8A8493B10CBC}
	EndGlobalSection
EndGlobal
